
Microsoft Visual Studio Solution File, Format Version 12.00
# Visual Studio 14
VisualStudioVersion = 14.0.24720.0
MinimumVisualStudioVersion = 10.0.40219.1
Project("{FAE04EC0-301F-11D3-BF4B-00C04F79EFBC}") = "Microsoft.PCT.OSM", "Microsoft.PCT.OSM\Microsoft.PCT.OSM.csproj", "{5835CE91-0ED9-4A3F-B658-8AB09BBAD543}"
EndProject
Project("{FAE04EC0-301F-11D3-BF4B-00C04F79EFBC}") = "Microsoft.PCT.Configuration", "Microsoft.PCT.Configuration\Microsoft.PCT.Configuration.csproj", "{AFCC408E-97F5-47F4-A8C1-F27E054F9615}"
EndProject
Project("{FAE04EC0-301F-11D3-BF4B-00C04F79EFBC}") = "Microsoft.PCT.Telemetry", "Microsoft.PCT.Telemetry\Microsoft.PCT.Telemetry.csproj", "{D90F962A-3102-4B12-985A-E4098A407868}"
EndProject
Project("{FAE04EC0-301F-11D3-BF4B-00C04F79EFBC}") = "Microsoft.PCT.Http", "Microsoft.PCT.Http\Microsoft.PCT.Http.csproj", "{F69B5C51-7ACC-482E-BD59-990FB54A9576}"
EndProject
Project("{FAE04EC0-301F-11D3-BF4B-00C04F79EFBC}") = "Microsoft.PCT.Http.Fanout", "Microsoft.PCT.Http.Fanout\Microsoft.PCT.Http.Fanout.csproj", "{7AA24F1A-2312-4880-864F-D582C829B759}"
EndProject
Project("{FAE04EC0-301F-11D3-BF4B-00C04F79EFBC}") = "Microsoft.PCT.Serialization", "Microsoft.PCT.Serialization\Microsoft.PCT.Serialization.csproj", "{4A728072-C90A-478E-901F-BF7AE02F8895}"
EndProject
Project("{FAE04EC0-301F-11D3-BF4B-00C04F79EFBC}") = "Microsoft.PCT.Reactive", "Microsoft.PCT.Reactive\Microsoft.PCT.Reactive.csproj", "{10A997C5-66CB-4418-AB3D-D2014F0E5891}"
EndProject
Project("{2150E333-8FDC-42A3-9474-1A3956D46DE8}") = "test", "test", "{9384B2FE-94F2-4E12-8B45-D57214FDA39F}"
EndProject
Project("{2150E333-8FDC-42A3-9474-1A3956D46DE8}") = "src", "src", "{5C70488F-4E2A-45CC-9543-580ACAD51A23}"
EndProject
Project("{FAE04EC0-301F-11D3-BF4B-00C04F79EFBC}") = "Tests.Microsoft.PCT.Reactive", "Tests.Microsoft.PCT.Reactive\Tests.Microsoft.PCT.Reactive.csproj", "{61A1202C-808D-41BB-B077-82CC23817EF2}"
EndProject
Project("{FAE04EC0-301F-11D3-BF4B-00C04F79EFBC}") = "Microsoft.PCT.TestingUtilities", "Microsoft.PCT.TestingUtilities\Microsoft.PCT.TestingUtilities.csproj", "{C03CFE5F-1818-4EDE-829E-446D14F90943}"
EndProject
Project("{FAE04EC0-301F-11D3-BF4B-00C04F79EFBC}") = "Tests.Microsoft.PCT.OSM", "Tests.Microsoft.PCT.OSMTests\Tests.Microsoft.PCT.OSM.csproj", "{32A12D3E-553E-4CEF-85FA-D585AD717E5A}"
EndProject
Project("{FAE04EC0-301F-11D3-BF4B-00C04F79EFBC}") = "Tests.Microsoft.PCT.Shared", "Tests.Microsoft.PCT.Shared\Tests.Microsoft.PCT.Shared.csproj", "{56849495-F1DC-48AF-A170-44A009428B8D}"
EndProject
Project("{FAE04EC0-301F-11D3-BF4B-00C04F79EFBC}") = "Microsoft.PCT.OSM.Services", "Microsoft.PCT.OSM.Services\Microsoft.PCT.OSM.Services.csproj", "{2F16C056-4C7D-4FFA-B3AA-98864E1E27D3}"
EndProject
Project("{FAE04EC0-301F-11D3-BF4B-00C04F79EFBC}") = "Tests.Microsoft.PCT.OSM.Services", "Tests.Microsoft.PCT.OSM.Services\Tests.Microsoft.PCT.OSM.Services.csproj", "{276F8857-F862-4053-8D61-0506A3FDACF1}"
EndProject
Global
	GlobalSection(SolutionConfigurationPlatforms) = preSolution
		Debug|Any CPU = Debug|Any CPU
		Release|Any CPU = Release|Any CPU
	EndGlobalSection
	GlobalSection(ProjectConfigurationPlatforms) = postSolution
		{5835CE91-0ED9-4A3F-B658-8AB09BBAD543}.Debug|Any CPU.ActiveCfg = Debug|Any CPU
		{5835CE91-0ED9-4A3F-B658-8AB09BBAD543}.Debug|Any CPU.Build.0 = Debug|Any CPU
		{5835CE91-0ED9-4A3F-B658-8AB09BBAD543}.Release|Any CPU.ActiveCfg = Release|Any CPU
		{5835CE91-0ED9-4A3F-B658-8AB09BBAD543}.Release|Any CPU.Build.0 = Release|Any CPU
		{AFCC408E-97F5-47F4-A8C1-F27E054F9615}.Debug|Any CPU.ActiveCfg = Debug|Any CPU
		{AFCC408E-97F5-47F4-A8C1-F27E054F9615}.Debug|Any CPU.Build.0 = Debug|Any CPU
		{AFCC408E-97F5-47F4-A8C1-F27E054F9615}.Release|Any CPU.ActiveCfg = Release|Any CPU
		{AFCC408E-97F5-47F4-A8C1-F27E054F9615}.Release|Any CPU.Build.0 = Release|Any CPU
		{D90F962A-3102-4B12-985A-E4098A407868}.Debug|Any CPU.ActiveCfg = Debug|Any CPU
		{D90F962A-3102-4B12-985A-E4098A407868}.Debug|Any CPU.Build.0 = Debug|Any CPU
		{D90F962A-3102-4B12-985A-E4098A407868}.Release|Any CPU.ActiveCfg = Release|Any CPU
		{D90F962A-3102-4B12-985A-E4098A407868}.Release|Any CPU.Build.0 = Release|Any CPU
		{F69B5C51-7ACC-482E-BD59-990FB54A9576}.Debug|Any CPU.ActiveCfg = Debug|Any CPU
		{F69B5C51-7ACC-482E-BD59-990FB54A9576}.Debug|Any CPU.Build.0 = Debug|Any CPU
		{F69B5C51-7ACC-482E-BD59-990FB54A9576}.Release|Any CPU.ActiveCfg = Release|Any CPU
		{F69B5C51-7ACC-482E-BD59-990FB54A9576}.Release|Any CPU.Build.0 = Release|Any CPU
		{7AA24F1A-2312-4880-864F-D582C829B759}.Debug|Any CPU.ActiveCfg = Debug|Any CPU
		{7AA24F1A-2312-4880-864F-D582C829B759}.Debug|Any CPU.Build.0 = Debug|Any CPU
		{7AA24F1A-2312-4880-864F-D582C829B759}.Release|Any CPU.ActiveCfg = Release|Any CPU
		{7AA24F1A-2312-4880-864F-D582C829B759}.Release|Any CPU.Build.0 = Release|Any CPU
		{4A728072-C90A-478E-901F-BF7AE02F8895}.Debug|Any CPU.ActiveCfg = Debug|Any CPU
		{4A728072-C90A-478E-901F-BF7AE02F8895}.Debug|Any CPU.Build.0 = Debug|Any CPU
		{4A728072-C90A-478E-901F-BF7AE02F8895}.Release|Any CPU.ActiveCfg = Release|Any CPU
		{4A728072-C90A-478E-901F-BF7AE02F8895}.Release|Any CPU.Build.0 = Release|Any CPU
		{10A997C5-66CB-4418-AB3D-D2014F0E5891}.Debug|Any CPU.ActiveCfg = Debug|Any CPU
		{10A997C5-66CB-4418-AB3D-D2014F0E5891}.Debug|Any CPU.Build.0 = Debug|Any CPU
		{10A997C5-66CB-4418-AB3D-D2014F0E5891}.Release|Any CPU.ActiveCfg = Release|Any CPU
		{10A997C5-66CB-4418-AB3D-D2014F0E5891}.Release|Any CPU.Build.0 = Release|Any CPU
		{61A1202C-808D-41BB-B077-82CC23817EF2}.Debug|Any CPU.ActiveCfg = Debug|Any CPU
		{61A1202C-808D-41BB-B077-82CC23817EF2}.Debug|Any CPU.Build.0 = Debug|Any CPU
		{61A1202C-808D-41BB-B077-82CC23817EF2}.Release|Any CPU.ActiveCfg = Release|Any CPU
		{61A1202C-808D-41BB-B077-82CC23817EF2}.Release|Any CPU.Build.0 = Release|Any CPU
		{C03CFE5F-1818-4EDE-829E-446D14F90943}.Debug|Any CPU.ActiveCfg = Debug|Any CPU
		{C03CFE5F-1818-4EDE-829E-446D14F90943}.Debug|Any CPU.Build.0 = Debug|Any CPU
		{C03CFE5F-1818-4EDE-829E-446D14F90943}.Release|Any CPU.ActiveCfg = Release|Any CPU
		{C03CFE5F-1818-4EDE-829E-446D14F90943}.Release|Any CPU.Build.0 = Release|Any CPU
		{32A12D3E-553E-4CEF-85FA-D585AD717E5A}.Debug|Any CPU.ActiveCfg = Debug|Any CPU
		{32A12D3E-553E-4CEF-85FA-D585AD717E5A}.Debug|Any CPU.Build.0 = Debug|Any CPU
		{32A12D3E-553E-4CEF-85FA-D585AD717E5A}.Release|Any CPU.ActiveCfg = Release|Any CPU
		{32A12D3E-553E-4CEF-85FA-D585AD717E5A}.Release|Any CPU.Build.0 = Release|Any CPU
		{56849495-F1DC-48AF-A170-44A009428B8D}.Debug|Any CPU.ActiveCfg = Debug|Any CPU
		{56849495-F1DC-48AF-A170-44A009428B8D}.Debug|Any CPU.Build.0 = Debug|Any CPU
		{56849495-F1DC-48AF-A170-44A009428B8D}.Release|Any CPU.ActiveCfg = Release|Any CPU
		{56849495-F1DC-48AF-A170-44A009428B8D}.Release|Any CPU.Build.0 = Release|Any CPU
		{2F16C056-4C7D-4FFA-B3AA-98864E1E27D3}.Debug|Any CPU.ActiveCfg = Debug|Any CPU
		{2F16C056-4C7D-4FFA-B3AA-98864E1E27D3}.Debug|Any CPU.Build.0 = Debug|Any CPU
		{2F16C056-4C7D-4FFA-B3AA-98864E1E27D3}.Release|Any CPU.ActiveCfg = Release|Any CPU
		{2F16C056-4C7D-4FFA-B3AA-98864E1E27D3}.Release|Any CPU.Build.0 = Release|Any CPU
		{276F8857-F862-4053-8D61-0506A3FDACF1}.Debug|Any CPU.ActiveCfg = Debug|Any CPU
		{276F8857-F862-4053-8D61-0506A3FDACF1}.Debug|Any CPU.Build.0 = Debug|Any CPU
		{276F8857-F862-4053-8D61-0506A3FDACF1}.Release|Any CPU.ActiveCfg = Release|Any CPU
		{276F8857-F862-4053-8D61-0506A3FDACF1}.Release|Any CPU.Build.0 = Release|Any CPU
	EndGlobalSection
	GlobalSection(SolutionProperties) = preSolution
		HideSolutionNode = FALSE
	EndGlobalSection
	GlobalSection(NestedProjects) = preSolution
		{5835CE91-0ED9-4A3F-B658-8AB09BBAD543} = {5C70488F-4E2A-45CC-9543-580ACAD51A23}
		{AFCC408E-97F5-47F4-A8C1-F27E054F9615} = {5C70488F-4E2A-45CC-9543-580ACAD51A23}
		{D90F962A-3102-4B12-985A-E4098A407868} = {5C70488F-4E2A-45CC-9543-580ACAD51A23}
		{F69B5C51-7ACC-482E-BD59-990FB54A9576} = {5C70488F-4E2A-45CC-9543-580ACAD51A23}
		{7AA24F1A-2312-4880-864F-D582C829B759} = {5C70488F-4E2A-45CC-9543-580ACAD51A23}
		{4A728072-C90A-478E-901F-BF7AE02F8895} = {5C70488F-4E2A-45CC-9543-580ACAD51A23}
		{10A997C5-66CB-4418-AB3D-D2014F0E5891} = {5C70488F-4E2A-45CC-9543-580ACAD51A23}
		{61A1202C-808D-41BB-B077-82CC23817EF2} = {9384B2FE-94F2-4E12-8B45-D57214FDA39F}
		{C03CFE5F-1818-4EDE-829E-446D14F90943} = {9384B2FE-94F2-4E12-8B45-D57214FDA39F}
		{32A12D3E-553E-4CEF-85FA-D585AD717E5A} = {9384B2FE-94F2-4E12-8B45-D57214FDA39F}
		{56849495-F1DC-48AF-A170-44A009428B8D} = {9384B2FE-94F2-4E12-8B45-D57214FDA39F}
		{2F16C056-4C7D-4FFA-B3AA-98864E1E27D3} = {5C70488F-4E2A-45CC-9543-580ACAD51A23}
		{276F8857-F862-4053-8D61-0506A3FDACF1} = {9384B2FE-94F2-4E12-8B45-D57214FDA39F}
	EndGlobalSection
EndGlobal
